
Microsoft Visual Studio Solution File, Format Version 12.00
# Visual Studio Version 17
VisualStudioVersion = 17.9.34902.65
MinimumVisualStudioVersion = 10.0.40219.1
Project("{FAE04EC0-301F-11D3-BF4B-00C04F79EFBC}") = "SupplierManagement", "SupplierManagement.csproj", "{DBCD8595-7AC9-4D1E-8902-87094C7BD7EF}"
EndProject
Global
	GlobalSection(SolutionConfigurationPlatforms) = preSolution
		Debug|Any CPU = Debug|Any CPU
		Release|Any CPU = Release|Any CPU
	EndGlobalSection
	GlobalSection(ProjectConfigurationPlatforms) = postSolution
		{DBCD8595-7AC9-4D1E-8902-87094C7BD7EF}.Debug|Any CPU.ActiveCfg = Debug|Any CPU
		{DBCD8595-7AC9-4D1E-8902-87094C7BD7EF}.Debug|Any CPU.Build.0 = Debug|Any CPU
		{DBCD8595-7AC9-4D1E-8902-87094C7BD7EF}.Release|Any CPU.ActiveCfg = Release|Any CPU
		{DBCD8595-7AC9-4D1E-8902-87094C7BD7EF}.Release|Any CPU.Build.0 = Release|Any CPU
	EndGlobalSection
	GlobalSection(SolutionProperties) = preSolution
		HideSolutionNode = FALSE
	EndGlobalSection
	GlobalSection(ExtensibilityGlobals) = postSolution
		SolutionGuid = {3A9AA0A8-1D75-420B-BE3E-B50C2ADE3BE8}
	EndGlobalSection
EndGlobal
